
Microsoft Visual Studio Solution File, Format Version 12.00
# Visual Studio Version 17
VisualStudioVersion = 17.5.002.0
MinimumVisualStudioVersion = 10.0.40219.1
Project("{9A19103F-16F7-4668-BE54-9A1E7A4F7556}") = "CulturNary.Web", "CulturNary.Web.csproj", "{5C4F2D2C-CF85-4DF3-A6AA-AC6AE39C0EA7}"
EndProject
Project("{9A19103F-16F7-4668-BE54-9A1E7A4F7556}") = "CulturNaryBDDProject", "..\CulturNaryBDDProject\CulturNaryBDDProject.csproj", "{D880C2B0-05B5-499A-892F-DBD5356B927F}"
EndProject
Global
	GlobalSection(SolutionConfigurationPlatforms) = preSolution
		Debug|Any CPU = Debug|Any CPU
		Release|Any CPU = Release|Any CPU
	EndGlobalSection
	GlobalSection(ProjectConfigurationPlatforms) = postSolution
		{5C4F2D2C-CF85-4DF3-A6AA-AC6AE39C0EA7}.Debug|Any CPU.ActiveCfg = Debug|Any CPU
		{5C4F2D2C-CF85-4DF3-A6AA-AC6AE39C0EA7}.Debug|Any CPU.Build.0 = Debug|Any CPU
		{5C4F2D2C-CF85-4DF3-A6AA-AC6AE39C0EA7}.Release|Any CPU.ActiveCfg = Release|Any CPU
		{5C4F2D2C-CF85-4DF3-A6AA-AC6AE39C0EA7}.Release|Any CPU.Build.0 = Release|Any CPU
		{D880C2B0-05B5-499A-892F-DBD5356B927F}.Debug|Any CPU.ActiveCfg = Debug|Any CPU
		{D880C2B0-05B5-499A-892F-DBD5356B927F}.Debug|Any CPU.Build.0 = Debug|Any CPU
		{D880C2B0-05B5-499A-892F-DBD5356B927F}.Release|Any CPU.ActiveCfg = Release|Any CPU
		{D880C2B0-05B5-499A-892F-DBD5356B927F}.Release|Any CPU.Build.0 = Release|Any CPU
	EndGlobalSection
	GlobalSection(SolutionProperties) = preSolution
		HideSolutionNode = FALSE
	EndGlobalSection
	GlobalSection(ExtensibilityGlobals) = postSolution
		SolutionGuid = {F74E1CCB-1BA8-49BF-9E88-12E94580FA8F}
	EndGlobalSection
EndGlobal
